
Microsoft Visual Studio Solution File, Format Version 12.00
# Visual Studio Version 17
VisualStudioVersion = 17.14.36429.23 d17.14
MinimumVisualStudioVersion = 10.0.40219.1
Project("{FAE04EC0-301F-11D3-BF4B-00C04F79EFBC}") = "алгроитмыC#", "алгроитмыC#.csproj", "{80250FCB-0A8D-4BCB-BCB3-454B7073184D}"
EndProject
Global
	GlobalSection(SolutionConfigurationPlatforms) = preSolution
		Debug|Any CPU = Debug|Any CPU
		Release|Any CPU = Release|Any CPU
	EndGlobalSection
	GlobalSection(ProjectConfigurationPlatforms) = postSolution
		{80250FCB-0A8D-4BCB-BCB3-454B7073184D}.Debug|Any CPU.ActiveCfg = Debug|Any CPU
		{80250FCB-0A8D-4BCB-BCB3-454B7073184D}.Debug|Any CPU.Build.0 = Debug|Any CPU
		{80250FCB-0A8D-4BCB-BCB3-454B7073184D}.Release|Any CPU.ActiveCfg = Release|Any CPU
		{80250FCB-0A8D-4BCB-BCB3-454B7073184D}.Release|Any CPU.Build.0 = Release|Any CPU
	EndGlobalSection
	GlobalSection(SolutionProperties) = preSolution
		HideSolutionNode = FALSE
	EndGlobalSection
	GlobalSection(ExtensibilityGlobals) = postSolution
		SolutionGuid = {1C4AE2CC-EE63-4556-A4A2-F5CBE9F2574D}
	EndGlobalSection
EndGlobal
